// !$*UTF8*$!
{
	archiveVersion = 1;
	classes = {
	};
	objectVersion = 56;
	objects = {

/* Begin PBXBuildFile section */
		7446A5DD2991E64900AC7466 /* MenuDetailView.swift in Sources */ = {isa = PBXBuildFile; fileRef = 7446A5DC2991E64900AC7466 /* MenuDetailView.swift */; };
		7446A5E02991E94000AC7466 /* SceneDelegate.swift in Sources */ = {isa = PBXBuildFile; fileRef = 7446A5DE2991E94000AC7466 /* SceneDelegate.swift */; };
		7446A5E12991E94000AC7466 /* AppDelegate.swift in Sources */ = {isa = PBXBuildFile; fileRef = 7446A5DF2991E94000AC7466 /* AppDelegate.swift */; };
		746FB3FA2999936D00919C10 /* HistoryDetailView.swift in Sources */ = {isa = PBXBuildFile; fileRef = 746FB3F92999936D00919C10 /* HistoryDetailView.swift */; };
		746FB3FC2999985600919C10 /* RootTabView.swift in Sources */ = {isa = PBXBuildFile; fileRef = 746FB3FB2999985600919C10 /* RootTabView.swift */; };
		746FB40829999FBA00919C10 /* HistoryModel.swift in Sources */ = {isa = PBXBuildFile; fileRef = 746FB40529999FBA00919C10 /* HistoryModel.swift */; };
		746FB40929999FBA00919C10 /* OrderModel.swift in Sources */ = {isa = PBXBuildFile; fileRef = 746FB40629999FBA00919C10 /* OrderModel.swift */; };
		746FB40A29999FBA00919C10 /* MenuModel.swift in Sources */ = {isa = PBXBuildFile; fileRef = 746FB40729999FBA00919C10 /* MenuModel.swift */; };
		7489591229904C11001CA271 /* OrderListView.swift in Sources */ = {isa = PBXBuildFile; fileRef = 7489591129904C11001CA271 /* OrderListView.swift */; };
		7489591429904CAD001CA271 /* MenuListView.swift in Sources */ = {isa = PBXBuildFile; fileRef = 7489591329904CAD001CA271 /* MenuListView.swift */; };
		7489591629904D1D001CA271 /* ContentHeaderView.swift in Sources */ = {isa = PBXBuildFile; fileRef = 7489591529904D1D001CA271 /* ContentHeaderView.swift */; };
		7489591829904E02001CA271 /* OrderRowView.swift in Sources */ = {isa = PBXBuildFile; fileRef = 7489591729904E02001CA271 /* OrderRowView.swift */; };
		7489591A29904E75001CA271 /* MenuRowView.swift in Sources */ = {isa = PBXBuildFile; fileRef = 7489591929904E75001CA271 /* MenuRowView.swift */; };
		7489591C29904EC3001CA271 /* RatingsView.swift in Sources */ = {isa = PBXBuildFile; fileRef = 7489591B29904EC3001CA271 /* RatingsView.swift */; };
		7489591E29904F47001CA271 /* PageTitleView.swift in Sources */ = {isa = PBXBuildFile; fileRef = 7489591D29904F47001CA271 /* PageTitleView.swift */; };
		74895920299052F5001CA271 /* WorldHistoryView.swift in Sources */ = {isa = PBXBuildFile; fileRef = 7489591F299052F5001CA271 /* WorldHistoryView.swift */; };
		748959222990539D001CA271 /* HistoryRowView.swift in Sources */ = {isa = PBXBuildFile; fileRef = 748959212990539D001CA271 /* HistoryRowView.swift */; };
		7489592429905465001CA271 /* HistoryRowItem.swift in Sources */ = {isa = PBXBuildFile; fileRef = 7489592329905465001CA271 /* HistoryRowItem.swift */; };
		74895926299056BA001CA271 /* ListHeaderView.swift in Sources */ = {isa = PBXBuildFile; fileRef = 74895925299056BA001CA271 /* ListHeaderView.swift */; };
		74895928299066DE001CA271 /* SelectedImageView.swift in Sources */ = {isa = PBXBuildFile; fileRef = 74895927299066DE001CA271 /* SelectedImageView.swift */; };
		74ACC58929903E1100572B91 /* Pantry_PortalApp.swift in Sources */ = {isa = PBXBuildFile; fileRef = 74ACC58829903E1100572B91 /* Pantry_PortalApp.swift */; };
		74ACC58B29903E1100572B91 /* ContentView.swift in Sources */ = {isa = PBXBuildFile; fileRef = 74ACC58A29903E1100572B91 /* ContentView.swift */; };
		74ACC58D29903E1200572B91 /* Assets.xcassets in Resources */ = {isa = PBXBuildFile; fileRef = 74ACC58C29903E1200572B91 /* Assets.xcassets */; };
		74ACC59029903E1200572B91 /* Preview Assets.xcassets in Resources */ = {isa = PBXBuildFile; fileRef = 74ACC58F29903E1200572B91 /* Preview Assets.xcassets */; };
		74ACC59A29903E1200572B91 /* Pantry_PortalTests.swift in Sources */ = {isa = PBXBuildFile; fileRef = 74ACC59929903E1200572B91 /* Pantry_PortalTests.swift */; };
		74ACC5A429903E1200572B91 /* Pantry_PortalUITests.swift in Sources */ = {isa = PBXBuildFile; fileRef = 74ACC5A329903E1200572B91 /* Pantry_PortalUITests.swift */; };
		74ACC5A629903E1200572B91 /* Pantry_PortalUITestsLaunchTests.swift in Sources */ = {isa = PBXBuildFile; fileRef = 74ACC5A529903E1200572B91 /* Pantry_PortalUITestsLaunchTests.swift */; };
		D40187BA2990A6D40054A079 /* Ingredient.swift in Sources */ = {isa = PBXBuildFile; fileRef = D40187B92990A6D40054A079 /* Ingredient.swift */; };
		D40187BC2990A8080054A079 /* AddRemoveView.swift in Sources */ = {isa = PBXBuildFile; fileRef = D40187BB2990A8080054A079 /* AddRemoveView.swift */; };
		D40187BF2990AAD40054A079 /* IngredientViewModel.swift in Sources */ = {isa = PBXBuildFile; fileRef = D40187BE2990AAD40054A079 /* IngredientViewModel.swift */; };
/* End PBXBuildFile section */

/* Begin PBXContainerItemProxy section */
		74ACC59629903E1200572B91 /* PBXContainerItemProxy */ = {
			isa = PBXContainerItemProxy;
			containerPortal = 74ACC57D29903E1100572B91 /* Project object */;
			proxyType = 1;
			remoteGlobalIDString = 74ACC58429903E1100572B91;
			remoteInfo = "Pantry Portal";
		};
		74ACC5A029903E1200572B91 /* PBXContainerItemProxy */ = {
			isa = PBXContainerItemProxy;
			containerPortal = 74ACC57D29903E1100572B91 /* Project object */;
			proxyType = 1;
			remoteGlobalIDString = 74ACC58429903E1100572B91;
			remoteInfo = "Pantry Portal";
		};
/* End PBXContainerItemProxy section */

/* Begin PBXFileReference section */
		7446A5DC2991E64900AC7466 /* MenuDetailView.swift */ = {isa = PBXFileReference; fileEncoding = 4; lastKnownFileType = sourcecode.swift; name = MenuDetailView.swift; path = "../../../../../../../Downloads/Ex_Files_SwiftUI_EssT_Upd/Exercise Files/04/05/MenuDetailView.swift"; sourceTree = "<group>"; };
		7446A5DE2991E94000AC7466 /* SceneDelegate.swift */ = {isa = PBXFileReference; fileEncoding = 4; lastKnownFileType = sourcecode.swift; name = SceneDelegate.swift; path = "../../../../../../Downloads/Ex_Files_SwiftUI_EssT_Upd/Exercise Files/04/05/Begin/HuliPizza/HuliPizza/SceneDelegate.swift"; sourceTree = "<group>"; };
		7446A5DF2991E94000AC7466 /* AppDelegate.swift */ = {isa = PBXFileReference; fileEncoding = 4; lastKnownFileType = sourcecode.swift; name = AppDelegate.swift; path = "../../../../../../Downloads/Ex_Files_SwiftUI_EssT_Upd/Exercise Files/04/05/Begin/HuliPizza/HuliPizza/AppDelegate.swift"; sourceTree = "<group>"; };
		746FB3F92999936D00919C10 /* HistoryDetailView.swift */ = {isa = PBXFileReference; fileEncoding = 4; lastKnownFileType = sourcecode.swift; name = HistoryDetailView.swift; path = "../../../../../../../Downloads/Ex_Files_SwiftUI_EssT_Upd/Exercise Files/04/10/HistoryDetailView.swift"; sourceTree = "<group>"; };
		746FB3FB2999985600919C10 /* RootTabView.swift */ = {isa = PBXFileReference; lastKnownFileType = sourcecode.swift; path = RootTabView.swift; sourceTree = SOURCE_ROOT; };
		746FB40529999FBA00919C10 /* HistoryModel.swift */ = {isa = PBXFileReference; fileEncoding = 4; lastKnownFileType = sourcecode.swift; path = HistoryModel.swift; sourceTree = "<group>"; };
		746FB40629999FBA00919C10 /* OrderModel.swift */ = {isa = PBXFileReference; fileEncoding = 4; lastKnownFileType = sourcecode.swift; path = OrderModel.swift; sourceTree = "<group>"; };
		746FB40729999FBA00919C10 /* MenuModel.swift */ = {isa = PBXFileReference; fileEncoding = 4; lastKnownFileType = sourcecode.swift; path = MenuModel.swift; sourceTree = "<group>"; };
		7489591129904C11001CA271 /* OrderListView.swift */ = {isa = PBXFileReference; lastKnownFileType = sourcecode.swift; path = OrderListView.swift; sourceTree = "<group>"; };
		7489591329904CAD001CA271 /* MenuListView.swift */ = {isa = PBXFileReference; lastKnownFileType = sourcecode.swift; path = MenuListView.swift; sourceTree = "<group>"; };
		7489591529904D1D001CA271 /* ContentHeaderView.swift */ = {isa = PBXFileReference; lastKnownFileType = sourcecode.swift; path = ContentHeaderView.swift; sourceTree = "<group>"; };
		7489591729904E02001CA271 /* OrderRowView.swift */ = {isa = PBXFileReference; lastKnownFileType = sourcecode.swift; path = OrderRowView.swift; sourceTree = "<group>"; };
		7489591929904E75001CA271 /* MenuRowView.swift */ = {isa = PBXFileReference; lastKnownFileType = sourcecode.swift; path = MenuRowView.swift; sourceTree = "<group>"; };
		7489591B29904EC3001CA271 /* RatingsView.swift */ = {isa = PBXFileReference; lastKnownFileType = sourcecode.swift; path = RatingsView.swift; sourceTree = "<group>"; };
		7489591D29904F47001CA271 /* PageTitleView.swift */ = {isa = PBXFileReference; lastKnownFileType = sourcecode.swift; path = PageTitleView.swift; sourceTree = "<group>"; };
		7489591F299052F5001CA271 /* WorldHistoryView.swift */ = {isa = PBXFileReference; lastKnownFileType = sourcecode.swift; path = WorldHistoryView.swift; sourceTree = "<group>"; };
		748959212990539D001CA271 /* HistoryRowView.swift */ = {isa = PBXFileReference; lastKnownFileType = sourcecode.swift; path = HistoryRowView.swift; sourceTree = "<group>"; };
		7489592329905465001CA271 /* HistoryRowItem.swift */ = {isa = PBXFileReference; lastKnownFileType = sourcecode.swift; path = HistoryRowItem.swift; sourceTree = "<group>"; };
		74895925299056BA001CA271 /* ListHeaderView.swift */ = {isa = PBXFileReference; lastKnownFileType = sourcecode.swift; path = ListHeaderView.swift; sourceTree = "<group>"; };
		74895927299066DE001CA271 /* SelectedImageView.swift */ = {isa = PBXFileReference; lastKnownFileType = sourcecode.swift; path = SelectedImageView.swift; sourceTree = "<group>"; };
		74ACC58529903E1100572B91 /* Pantry Portal.app */ = {isa = PBXFileReference; explicitFileType = wrapper.application; includeInIndex = 0; path = "Pantry Portal.app"; sourceTree = BUILT_PRODUCTS_DIR; };
		74ACC58829903E1100572B91 /* Pantry_PortalApp.swift */ = {isa = PBXFileReference; lastKnownFileType = sourcecode.swift; path = Pantry_PortalApp.swift; sourceTree = "<group>"; };
		74ACC58A29903E1100572B91 /* ContentView.swift */ = {isa = PBXFileReference; lastKnownFileType = sourcecode.swift; path = ContentView.swift; sourceTree = "<group>"; };
		74ACC58C29903E1200572B91 /* Assets.xcassets */ = {isa = PBXFileReference; lastKnownFileType = folder.assetcatalog; path = Assets.xcassets; sourceTree = "<group>"; };
		74ACC58F29903E1200572B91 /* Preview Assets.xcassets */ = {isa = PBXFileReference; lastKnownFileType = folder.assetcatalog; path = "Preview Assets.xcassets"; sourceTree = "<group>"; };
		74ACC59529903E1200572B91 /* Pantry PortalTests.xctest */ = {isa = PBXFileReference; explicitFileType = wrapper.cfbundle; includeInIndex = 0; path = "Pantry PortalTests.xctest"; sourceTree = BUILT_PRODUCTS_DIR; };
		74ACC59929903E1200572B91 /* Pantry_PortalTests.swift */ = {isa = PBXFileReference; lastKnownFileType = sourcecode.swift; path = Pantry_PortalTests.swift; sourceTree = "<group>"; };
		74ACC59F29903E1200572B91 /* Pantry PortalUITests.xctest */ = {isa = PBXFileReference; explicitFileType = wrapper.cfbundle; includeInIndex = 0; path = "Pantry PortalUITests.xctest"; sourceTree = BUILT_PRODUCTS_DIR; };
		74ACC5A329903E1200572B91 /* Pantry_PortalUITests.swift */ = {isa = PBXFileReference; lastKnownFileType = sourcecode.swift; path = Pantry_PortalUITests.swift; sourceTree = "<group>"; };
		74ACC5A529903E1200572B91 /* Pantry_PortalUITestsLaunchTests.swift */ = {isa = PBXFileReference; lastKnownFileType = sourcecode.swift; path = Pantry_PortalUITestsLaunchTests.swift; sourceTree = "<group>"; };
		D40187B029909DB60054A079 /* Pantry Portal.entitlements */ = {isa = PBXFileReference; lastKnownFileType = text.plist.entitlements; path = "Pantry Portal.entitlements"; sourceTree = "<group>"; };
		D40187B92990A6D40054A079 /* Ingredient.swift */ = {isa = PBXFileReference; lastKnownFileType = sourcecode.swift; path = Ingredient.swift; sourceTree = "<group>"; };
		D40187BB2990A8080054A079 /* AddRemoveView.swift */ = {isa = PBXFileReference; lastKnownFileType = sourcecode.swift; path = AddRemoveView.swift; sourceTree = "<group>"; };
		D40187BE2990AAD40054A079 /* IngredientViewModel.swift */ = {isa = PBXFileReference; lastKnownFileType = sourcecode.swift; path = IngredientViewModel.swift; sourceTree = "<group>"; };
/* End PBXFileReference section */

/* Begin PBXFrameworksBuildPhase section */
		74ACC58229903E1100572B91 /* Frameworks */ = {
			isa = PBXFrameworksBuildPhase;
			buildActionMask = 2147483647;
			files = (
			);
			runOnlyForDeploymentPostprocessing = 0;
		};
		74ACC59229903E1200572B91 /* Frameworks */ = {
			isa = PBXFrameworksBuildPhase;
			buildActionMask = 2147483647;
			files = (
			);
			runOnlyForDeploymentPostprocessing = 0;
		};
		74ACC59C29903E1200572B91 /* Frameworks */ = {
			isa = PBXFrameworksBuildPhase;
			buildActionMask = 2147483647;
			files = (
			);
			runOnlyForDeploymentPostprocessing = 0;
		};
/* End PBXFrameworksBuildPhase section */

/* Begin PBXGroup section */
		7489590D29904B9E001CA271 /* Model */ = {
			isa = PBXGroup;
			children = (
				746FB40529999FBA00919C10 /* HistoryModel.swift */,
				746FB40729999FBA00919C10 /* MenuModel.swift */,
				746FB40629999FBA00919C10 /* OrderModel.swift */,
			);
			path = Model;
			sourceTree = "<group>";
		};
		7489590E29904BAB001CA271 /* OrderView */ = {
			isa = PBXGroup;
			children = (
				7489591129904C11001CA271 /* OrderListView.swift */,
				7489591729904E02001CA271 /* OrderRowView.swift */,
			);
			path = OrderView;
			sourceTree = "<group>";
		};
		7489590F29904BBF001CA271 /* MenuView */ = {
			isa = PBXGroup;
			children = (
				7489591329904CAD001CA271 /* MenuListView.swift */,
				7489591929904E75001CA271 /* MenuRowView.swift */,
				7446A5DC2991E64900AC7466 /* MenuDetailView.swift */,
				7489591B29904EC3001CA271 /* RatingsView.swift */,
			);
			path = MenuView;
			sourceTree = "<group>";
		};
		7489591029904BD9001CA271 /* HistoryView */ = {
			isa = PBXGroup;
			children = (
				7489591F299052F5001CA271 /* WorldHistoryView.swift */,
				748959212990539D001CA271 /* HistoryRowView.swift */,
				746FB3F92999936D00919C10 /* HistoryDetailView.swift */,
				7489592329905465001CA271 /* HistoryRowItem.swift */,
			);
			path = HistoryView;
			sourceTree = "<group>";
		};
		74ACC57C29903E1100572B91 = {
			isa = PBXGroup;
			children = (
				74ACC58729903E1100572B91 /* Pantry Portal */,
				74ACC59829903E1200572B91 /* Pantry PortalTests */,
				74ACC5A229903E1200572B91 /* Pantry PortalUITests */,
				74ACC58629903E1100572B91 /* Products */,
			);
			sourceTree = "<group>";
		};
		74ACC58629903E1100572B91 /* Products */ = {
			isa = PBXGroup;
			children = (
				74ACC58529903E1100572B91 /* Pantry Portal.app */,
				74ACC59529903E1200572B91 /* Pantry PortalTests.xctest */,
				74ACC59F29903E1200572B91 /* Pantry PortalUITests.xctest */,
			);
			name = Products;
			sourceTree = "<group>";
		};
		74ACC58729903E1100572B91 /* Pantry Portal */ = {
			isa = PBXGroup;
			children = (
				746FB3FB2999985600919C10 /* RootTabView.swift */,
				D40187BD2990AAA70054A079 /* ViewModels */,
				D40187B62990A6400054A079 /* Models */,
				D40187B029909DB60054A079 /* Pantry Portal.entitlements */,
				74895925299056BA001CA271 /* ListHeaderView.swift */,
				74ACC58A29903E1100572B91 /* ContentView.swift */,
				7446A5DF2991E94000AC7466 /* AppDelegate.swift */,
				7446A5DE2991E94000AC7466 /* SceneDelegate.swift */,
				7489591529904D1D001CA271 /* ContentHeaderView.swift */,
				7489591D29904F47001CA271 /* PageTitleView.swift */,
				74895927299066DE001CA271 /* SelectedImageView.swift */,
				7489591029904BD9001CA271 /* HistoryView */,
				7489590F29904BBF001CA271 /* MenuView */,
				7489590E29904BAB001CA271 /* OrderView */,
				7489590D29904B9E001CA271 /* Model */,
				74ACC58829903E1100572B91 /* Pantry_PortalApp.swift */,
				74ACC58C29903E1200572B91 /* Assets.xcassets */,
				74ACC58E29903E1200572B91 /* Preview Content */,
			);
			path = "Pantry Portal";
			sourceTree = "<group>";
		};
		74ACC58E29903E1200572B91 /* Preview Content */ = {
			isa = PBXGroup;
			children = (
				74ACC58F29903E1200572B91 /* Preview Assets.xcassets */,
			);
			path = "Preview Content";
			sourceTree = "<group>";
		};
		74ACC59829903E1200572B91 /* Pantry PortalTests */ = {
			isa = PBXGroup;
			children = (
				74ACC59929903E1200572B91 /* Pantry_PortalTests.swift */,
			);
			path = "Pantry PortalTests";
			sourceTree = "<group>";
		};
		74ACC5A229903E1200572B91 /* Pantry PortalUITests */ = {
			isa = PBXGroup;
			children = (
				74ACC5A329903E1200572B91 /* Pantry_PortalUITests.swift */,
				74ACC5A529903E1200572B91 /* Pantry_PortalUITestsLaunchTests.swift */,
			);
			path = "Pantry PortalUITests";
			sourceTree = "<group>";
		};
		D40187B62990A6400054A079 /* Models */ = {
			isa = PBXGroup;
			children = (
				D40187B92990A6D40054A079 /* Ingredient.swift */,
				D40187BB2990A8080054A079 /* AddRemoveView.swift */,
			);
			path = Models;
			sourceTree = "<group>";
		};
		D40187BD2990AAA70054A079 /* ViewModels */ = {
			isa = PBXGroup;
			children = (
				D40187BE2990AAD40054A079 /* IngredientViewModel.swift */,
			);
			path = ViewModels;
			sourceTree = "<group>";
		};
/* End PBXGroup section */

/* Begin PBXNativeTarget section */
		74ACC58429903E1100572B91 /* Pantry Portal */ = {
			isa = PBXNativeTarget;
			buildConfigurationList = 74ACC5A929903E1200572B91 /* Build configuration list for PBXNativeTarget "Pantry Portal" */;
			buildPhases = (
				74ACC58129903E1100572B91 /* Sources */,
				74ACC58229903E1100572B91 /* Frameworks */,
				74ACC58329903E1100572B91 /* Resources */,
			);
			buildRules = (
			);
			dependencies = (
			);
			name = "Pantry Portal";
			productName = "Pantry Portal";
			productReference = 74ACC58529903E1100572B91 /* Pantry Portal.app */;
			productType = "com.apple.product-type.application";
		};
		74ACC59429903E1200572B91 /* Pantry PortalTests */ = {
			isa = PBXNativeTarget;
			buildConfigurationList = 74ACC5AC29903E1200572B91 /* Build configuration list for PBXNativeTarget "Pantry PortalTests" */;
			buildPhases = (
				74ACC59129903E1200572B91 /* Sources */,
				74ACC59229903E1200572B91 /* Frameworks */,
				74ACC59329903E1200572B91 /* Resources */,
			);
			buildRules = (
			);
			dependencies = (
				74ACC59729903E1200572B91 /* PBXTargetDependency */,
			);
			name = "Pantry PortalTests";
			productName = "Pantry PortalTests";
			productReference = 74ACC59529903E1200572B91 /* Pantry PortalTests.xctest */;
			productType = "com.apple.product-type.bundle.unit-test";
		};
		74ACC59E29903E1200572B91 /* Pantry PortalUITests */ = {
			isa = PBXNativeTarget;
			buildConfigurationList = 74ACC5AF29903E1200572B91 /* Build configuration list for PBXNativeTarget "Pantry PortalUITests" */;
			buildPhases = (
				74ACC59B29903E1200572B91 /* Sources */,
				74ACC59C29903E1200572B91 /* Frameworks */,
				74ACC59D29903E1200572B91 /* Resources */,
			);
			buildRules = (
			);
			dependencies = (
				74ACC5A129903E1200572B91 /* PBXTargetDependency */,
			);
			name = "Pantry PortalUITests";
			productName = "Pantry PortalUITests";
			productReference = 74ACC59F29903E1200572B91 /* Pantry PortalUITests.xctest */;
			productType = "com.apple.product-type.bundle.ui-testing";
		};
/* End PBXNativeTarget section */

/* Begin PBXProject section */
		74ACC57D29903E1100572B91 /* Project object */ = {
			isa = PBXProject;
			attributes = {
				BuildIndependentTargetsInParallel = 1;
				LastSwiftUpdateCheck = 1420;
				LastUpgradeCheck = 1420;
				TargetAttributes = {
					74ACC58429903E1100572B91 = {
						CreatedOnToolsVersion = 14.2;
					};
					74ACC59429903E1200572B91 = {
						CreatedOnToolsVersion = 14.2;
						TestTargetID = 74ACC58429903E1100572B91;
					};
					74ACC59E29903E1200572B91 = {
						CreatedOnToolsVersion = 14.2;
						TestTargetID = 74ACC58429903E1100572B91;
					};
				};
			};
			buildConfigurationList = 74ACC58029903E1100572B91 /* Build configuration list for PBXProject "Pantry Portal" */;
			compatibilityVersion = "Xcode 14.0";
			developmentRegion = en;
			hasScannedForEncodings = 0;
			knownRegions = (
				en,
				Base,
			);
			mainGroup = 74ACC57C29903E1100572B91;
			productRefGroup = 74ACC58629903E1100572B91 /* Products */;
			projectDirPath = "";
			projectRoot = "";
			targets = (
				74ACC58429903E1100572B91 /* Pantry Portal */,
				74ACC59429903E1200572B91 /* Pantry PortalTests */,
				74ACC59E29903E1200572B91 /* Pantry PortalUITests */,
			);
		};
/* End PBXProject section */

/* Begin PBXResourcesBuildPhase section */
		74ACC58329903E1100572B91 /* Resources */ = {
			isa = PBXResourcesBuildPhase;
			buildActionMask = 2147483647;
			files = (
				74ACC59029903E1200572B91 /* Preview Assets.xcassets in Resources */,
				74ACC58D29903E1200572B91 /* Assets.xcassets in Resources */,
			);
			runOnlyForDeploymentPostprocessing = 0;
		};
		74ACC59329903E1200572B91 /* Resources */ = {
			isa = PBXResourcesBuildPhase;
			buildActionMask = 2147483647;
			files = (
			);
			runOnlyForDeploymentPostprocessing = 0;
		};
		74ACC59D29903E1200572B91 /* Resources */ = {
			isa = PBXResourcesBuildPhase;
			buildActionMask = 2147483647;
			files = (
			);
			runOnlyForDeploymentPostprocessing = 0;
		};
/* End PBXResourcesBuildPhase section */

/* Begin PBXSourcesBuildPhase section */
		74ACC58129903E1100572B91 /* Sources */ = {
			isa = PBXSourcesBuildPhase;
			buildActionMask = 2147483647;
			files = (
				D40187BF2990AAD40054A079 /* IngredientViewModel.swift in Sources */,
				D40187BC2990A8080054A079 /* AddRemoveView.swift in Sources */,
				7489591829904E02001CA271 /* OrderRowView.swift in Sources */,
				7446A5DD2991E64900AC7466 /* MenuDetailView.swift in Sources */,
				748959222990539D001CA271 /* HistoryRowView.swift in Sources */,
				D40187BA2990A6D40054A079 /* Ingredient.swift in Sources */,
				7489591629904D1D001CA271 /* ContentHeaderView.swift in Sources */,
				746FB40A29999FBA00919C10 /* MenuModel.swift in Sources */,
				7446A5E02991E94000AC7466 /* SceneDelegate.swift in Sources */,
				74ACC58B29903E1100572B91 /* ContentView.swift in Sources */,
				7489591429904CAD001CA271 /* MenuListView.swift in Sources */,
				746FB3FA2999936D00919C10 /* HistoryDetailView.swift in Sources */,
				746FB3FC2999985600919C10 /* RootTabView.swift in Sources */,
				74ACC58929903E1100572B91 /* Pantry_PortalApp.swift in Sources */,
				7489591A29904E75001CA271 /* MenuRowView.swift in Sources */,
				746FB40829999FBA00919C10 /* HistoryModel.swift in Sources */,
				74895920299052F5001CA271 /* WorldHistoryView.swift in Sources */,
				746FB40929999FBA00919C10 /* OrderModel.swift in Sources */,
				7489592429905465001CA271 /* HistoryRowItem.swift in Sources */,
				74895928299066DE001CA271 /* SelectedImageView.swift in Sources */,
				7489591E29904F47001CA271 /* PageTitleView.swift in Sources */,
				74895926299056BA001CA271 /* ListHeaderView.swift in Sources */,
				7489591229904C11001CA271 /* OrderListView.swift in Sources */,
				7489591C29904EC3001CA271 /* RatingsView.swift in Sources */,
				7446A5E12991E94000AC7466 /* AppDelegate.swift in Sources */,
			);
			runOnlyForDeploymentPostprocessing = 0;
		};
		74ACC59129903E1200572B91 /* Sources */ = {
			isa = PBXSourcesBuildPhase;
			buildActionMask = 2147483647;
			files = (
				74ACC59A29903E1200572B91 /* Pantry_PortalTests.swift in Sources */,
			);
			runOnlyForDeploymentPostprocessing = 0;
		};
		74ACC59B29903E1200572B91 /* Sources */ = {
			isa = PBXSourcesBuildPhase;
			buildActionMask = 2147483647;
			files = (
				74ACC5A629903E1200572B91 /* Pantry_PortalUITestsLaunchTests.swift in Sources */,
				74ACC5A429903E1200572B91 /* Pantry_PortalUITests.swift in Sources */,
			);
			runOnlyForDeploymentPostprocessing = 0;
		};
/* End PBXSourcesBuildPhase section */

/* Begin PBXTargetDependency section */
		74ACC59729903E1200572B91 /* PBXTargetDependency */ = {
			isa = PBXTargetDependency;
			target = 74ACC58429903E1100572B91 /* Pantry Portal */;
			targetProxy = 74ACC59629903E1200572B91 /* PBXContainerItemProxy */;
		};
		74ACC5A129903E1200572B91 /* PBXTargetDependency */ = {
			isa = PBXTargetDependency;
			target = 74ACC58429903E1100572B91 /* Pantry Portal */;
			targetProxy = 74ACC5A029903E1200572B91 /* PBXContainerItemProxy */;
		};
/* End PBXTargetDependency section */

/* Begin XCBuildConfiguration section */
		74ACC5A729903E1200572B91 /* Debug */ = {
			isa = XCBuildConfiguration;
			buildSettings = {
				ALWAYS_SEARCH_USER_PATHS = NO;
				CLANG_ANALYZER_NONNULL = YES;
				CLANG_ANALYZER_NUMBER_OBJECT_CONVERSION = YES_AGGRESSIVE;
				CLANG_CXX_LANGUAGE_STANDARD = "gnu++20";
				CLANG_ENABLE_MODULES = YES;
				CLANG_ENABLE_OBJC_ARC = YES;
				CLANG_ENABLE_OBJC_WEAK = YES;
				CLANG_WARN_BLOCK_CAPTURE_AUTORELEASING = YES;
				CLANG_WARN_BOOL_CONVERSION = YES;
				CLANG_WARN_COMMA = YES;
				CLANG_WARN_CONSTANT_CONVERSION = YES;
				CLANG_WARN_DEPRECATED_OBJC_IMPLEMENTATIONS = YES;
				CLANG_WARN_DIRECT_OBJC_ISA_USAGE = YES_ERROR;
				CLANG_WARN_DOCUMENTATION_COMMENTS = YES;
				CLANG_WARN_EMPTY_BODY = YES;
				CLANG_WARN_ENUM_CONVERSION = YES;
				CLANG_WARN_INFINITE_RECURSION = YES;
				CLANG_WARN_INT_CONVERSION = YES;
				CLANG_WARN_NON_LITERAL_NULL_CONVERSION = YES;
				CLANG_WARN_OBJC_IMPLICIT_RETAIN_SELF = YES;
				CLANG_WARN_OBJC_LITERAL_CONVERSION = YES;
				CLANG_WARN_OBJC_ROOT_CLASS = YES_ERROR;
				CLANG_WARN_QUOTED_INCLUDE_IN_FRAMEWORK_HEADER = YES;
				CLANG_WARN_RANGE_LOOP_ANALYSIS = YES;
				CLANG_WARN_STRICT_PROTOTYPES = YES;
				CLANG_WARN_SUSPICIOUS_MOVE = YES;
				CLANG_WARN_UNGUARDED_AVAILABILITY = YES_AGGRESSIVE;
				CLANG_WARN_UNREACHABLE_CODE = YES;
				CLANG_WARN__DUPLICATE_METHOD_MATCH = YES;
				COPY_PHASE_STRIP = NO;
				DEBUG_INFORMATION_FORMAT = dwarf;
				ENABLE_STRICT_OBJC_MSGSEND = YES;
				ENABLE_TESTABILITY = YES;
				GCC_C_LANGUAGE_STANDARD = gnu11;
				GCC_DYNAMIC_NO_PIC = NO;
				GCC_NO_COMMON_BLOCKS = YES;
				GCC_OPTIMIZATION_LEVEL = 0;
				GCC_PREPROCESSOR_DEFINITIONS = (
					"DEBUG=1",
					"$(inherited)",
				);
				GCC_WARN_64_TO_32_BIT_CONVERSION = YES;
				GCC_WARN_ABOUT_RETURN_TYPE = YES_ERROR;
				GCC_WARN_UNDECLARED_SELECTOR = YES;
				GCC_WARN_UNINITIALIZED_AUTOS = YES_AGGRESSIVE;
				GCC_WARN_UNUSED_FUNCTION = YES;
				GCC_WARN_UNUSED_VARIABLE = YES;
				IPHONEOS_DEPLOYMENT_TARGET = 16.2;
				MTL_ENABLE_DEBUG_INFO = INCLUDE_SOURCE;
				MTL_FAST_MATH = YES;
				ONLY_ACTIVE_ARCH = YES;
				SDKROOT = iphoneos;
				SWIFT_ACTIVE_COMPILATION_CONDITIONS = DEBUG;
				SWIFT_OPTIMIZATION_LEVEL = "-Onone";
			};
			name = Debug;
		};
		74ACC5A829903E1200572B91 /* Release */ = {
			isa = XCBuildConfiguration;
			buildSettings = {
				ALWAYS_SEARCH_USER_PATHS = NO;
				CLANG_ANALYZER_NONNULL = YES;
				CLANG_ANALYZER_NUMBER_OBJECT_CONVERSION = YES_AGGRESSIVE;
				CLANG_CXX_LANGUAGE_STANDARD = "gnu++20";
				CLANG_ENABLE_MODULES = YES;
				CLANG_ENABLE_OBJC_ARC = YES;
				CLANG_ENABLE_OBJC_WEAK = YES;
				CLANG_WARN_BLOCK_CAPTURE_AUTORELEASING = YES;
				CLANG_WARN_BOOL_CONVERSION = YES;
				CLANG_WARN_COMMA = YES;
				CLANG_WARN_CONSTANT_CONVERSION = YES;
				CLANG_WARN_DEPRECATED_OBJC_IMPLEMENTATIONS = YES;
				CLANG_WARN_DIRECT_OBJC_ISA_USAGE = YES_ERROR;
				CLANG_WARN_DOCUMENTATION_COMMENTS = YES;
				CLANG_WARN_EMPTY_BODY = YES;
				CLANG_WARN_ENUM_CONVERSION = YES;
				CLANG_WARN_INFINITE_RECURSION = YES;
				CLANG_WARN_INT_CONVERSION = YES;
				CLANG_WARN_NON_LITERAL_NULL_CONVERSION = YES;
				CLANG_WARN_OBJC_IMPLICIT_RETAIN_SELF = YES;
				CLANG_WARN_OBJC_LITERAL_CONVERSION = YES;
				CLANG_WARN_OBJC_ROOT_CLASS = YES_ERROR;
				CLANG_WARN_QUOTED_INCLUDE_IN_FRAMEWORK_HEADER = YES;
				CLANG_WARN_RANGE_LOOP_ANALYSIS = YES;
				CLANG_WARN_STRICT_PROTOTYPES = YES;
				CLANG_WARN_SUSPICIOUS_MOVE = YES;
				CLANG_WARN_UNGUARDED_AVAILABILITY = YES_AGGRESSIVE;
				CLANG_WARN_UNREACHABLE_CODE = YES;
				CLANG_WARN__DUPLICATE_METHOD_MATCH = YES;
				COPY_PHASE_STRIP = NO;
				DEBUG_INFORMATION_FORMAT = "dwarf-with-dsym";
				ENABLE_NS_ASSERTIONS = NO;
				ENABLE_STRICT_OBJC_MSGSEND = YES;
				GCC_C_LANGUAGE_STANDARD = gnu11;
				GCC_NO_COMMON_BLOCKS = YES;
				GCC_WARN_64_TO_32_BIT_CONVERSION = YES;
				GCC_WARN_ABOUT_RETURN_TYPE = YES_ERROR;
				GCC_WARN_UNDECLARED_SELECTOR = YES;
				GCC_WARN_UNINITIALIZED_AUTOS = YES_AGGRESSIVE;
				GCC_WARN_UNUSED_FUNCTION = YES;
				GCC_WARN_UNUSED_VARIABLE = YES;
				IPHONEOS_DEPLOYMENT_TARGET = 16.2;
				MTL_ENABLE_DEBUG_INFO = NO;
				MTL_FAST_MATH = YES;
				SDKROOT = iphoneos;
				SWIFT_COMPILATION_MODE = wholemodule;
				SWIFT_OPTIMIZATION_LEVEL = "-O";
				VALIDATE_PRODUCT = YES;
			};
			name = Release;
		};
		74ACC5AA29903E1200572B91 /* Debug */ = {
			isa = XCBuildConfiguration;
			buildSettings = {
				ASSETCATALOG_COMPILER_APPICON_NAME = AppIcon;
				ASSETCATALOG_COMPILER_GLOBAL_ACCENT_COLOR_NAME = AccentColor;
				CODE_SIGN_ENTITLEMENTS = "Pantry Portal/Pantry Portal.entitlements";
				CODE_SIGN_STYLE = Automatic;
				CURRENT_PROJECT_VERSION = 1;
				DEVELOPMENT_ASSET_PATHS = "\"Pantry Portal/Preview Content\"";
				DEVELOPMENT_TEAM = 5GCG626TJG;
				ENABLE_PREVIEWS = YES;
				GENERATE_INFOPLIST_FILE = YES;
				INFOPLIST_KEY_UIApplicationSceneManifest_Generation = YES;
				INFOPLIST_KEY_UIApplicationSupportsIndirectInputEvents = YES;
				INFOPLIST_KEY_UILaunchScreen_Generation = YES;
				INFOPLIST_KEY_UISupportedInterfaceOrientations_iPad = "UIInterfaceOrientationPortrait UIInterfaceOrientationPortraitUpsideDown UIInterfaceOrientationLandscapeLeft UIInterfaceOrientationLandscapeRight";
				INFOPLIST_KEY_UISupportedInterfaceOrientations_iPhone = "UIInterfaceOrientationPortrait UIInterfaceOrientationLandscapeLeft UIInterfaceOrientationLandscapeRight";
				LD_RUNPATH_SEARCH_PATHS = (
					"$(inherited)",
					"@executable_path/Frameworks",
				);
				MARKETING_VERSION = 1.0;
				PRODUCT_BUNDLE_IDENTIFIER = "UCR.Pantry-Portal";
				PRODUCT_NAME = "$(TARGET_NAME)";
				SWIFT_EMIT_LOC_STRINGS = YES;
				SWIFT_VERSION = 5.0;
				TARGETED_DEVICE_FAMILY = "1,2";
			};
			name = Debug;
		};
		74ACC5AB29903E1200572B91 /* Release */ = {
			isa = XCBuildConfiguration;
			buildSettings = {
				ASSETCATALOG_COMPILER_APPICON_NAME = AppIcon;
				ASSETCATALOG_COMPILER_GLOBAL_ACCENT_COLOR_NAME = AccentColor;
				CODE_SIGN_ENTITLEMENTS = "Pantry Portal/Pantry Portal.entitlements";
				CODE_SIGN_STYLE = Automatic;
				CURRENT_PROJECT_VERSION = 1;
				DEVELOPMENT_ASSET_PATHS = "\"Pantry Portal/Preview Content\"";
				DEVELOPMENT_TEAM = 5GCG626TJG;
				ENABLE_PREVIEWS = YES;
				GENERATE_INFOPLIST_FILE = YES;
				INFOPLIST_KEY_UIApplicationSceneManifest_Generation = YES;
				INFOPLIST_KEY_UIApplicationSupportsIndirectInputEvents = YES;
				INFOPLIST_KEY_UILaunchScreen_Generation = YES;
				INFOPLIST_KEY_UISupportedInterfaceOrientations_iPad = "UIInterfaceOrientationPortrait UIInterfaceOrientationPortraitUpsideDown UIInterfaceOrientationLandscapeLeft UIInterfaceOrientationLandscapeRight";
				INFOPLIST_KEY_UISupportedInterfaceOrientations_iPhone = "UIInterfaceOrientationPortrait UIInterfaceOrientationLandscapeLeft UIInterfaceOrientationLandscapeRight";
				LD_RUNPATH_SEARCH_PATHS = (
					"$(inherited)",
					"@executable_path/Frameworks",
				);
				MARKETING_VERSION = 1.0;
				PRODUCT_BUNDLE_IDENTIFIER = "UCR.Pantry-Portal";
				PRODUCT_NAME = "$(TARGET_NAME)";
				SWIFT_EMIT_LOC_STRINGS = YES;
				SWIFT_VERSION = 5.0;
				TARGETED_DEVICE_FAMILY = "1,2";
			};
			name = Release;
		};
		74ACC5AD29903E1200572B91 /* Debug */ = {
			isa = XCBuildConfiguration;
			buildSettings = {
				ALWAYS_EMBED_SWIFT_STANDARD_LIBRARIES = YES;
				BUNDLE_LOADER = "$(TEST_HOST)";
				CODE_SIGN_STYLE = Automatic;
				CURRENT_PROJECT_VERSION = 1;
				GENERATE_INFOPLIST_FILE = YES;
				IPHONEOS_DEPLOYMENT_TARGET = 16.2;
				MARKETING_VERSION = 1.0;
				PRODUCT_BUNDLE_IDENTIFIER = "UCR.Pantry-PortalTests";
				PRODUCT_NAME = "$(TARGET_NAME)";
				SWIFT_EMIT_LOC_STRINGS = NO;
				SWIFT_VERSION = 5.0;
				TARGETED_DEVICE_FAMILY = "1,2";
				TEST_HOST = "$(BUILT_PRODUCTS_DIR)/Pantry Portal.app/$(BUNDLE_EXECUTABLE_FOLDER_PATH)/Pantry Portal";
			};
			name = Debug;
		};
		74ACC5AE29903E1200572B91 /* Release */ = {
			isa = XCBuildConfiguration;
			buildSettings = {
				ALWAYS_EMBED_SWIFT_STANDARD_LIBRARIES = YES;
				BUNDLE_LOADER = "$(TEST_HOST)";
				CODE_SIGN_STYLE = Automatic;
				CURRENT_PROJECT_VERSION = 1;
				GENERATE_INFOPLIST_FILE = YES;
				IPHONEOS_DEPLOYMENT_TARGET = 16.2;
				MARKETING_VERSION = 1.0;
				PRODUCT_BUNDLE_IDENTIFIER = "UCR.Pantry-PortalTests";
				PRODUCT_NAME = "$(TARGET_NAME)";
				SWIFT_EMIT_LOC_STRINGS = NO;
				SWIFT_VERSION = 5.0;
				TARGETED_DEVICE_FAMILY = "1,2";
				TEST_HOST = "$(BUILT_PRODUCTS_DIR)/Pantry Portal.app/$(BUNDLE_EXECUTABLE_FOLDER_PATH)/Pantry Portal";
			};
			name = Release;
		};
		74ACC5B029903E1200572B91 /* Debug */ = {
			isa = XCBuildConfiguration;
			buildSettings = {
				ALWAYS_EMBED_SWIFT_STANDARD_LIBRARIES = YES;
				CODE_SIGN_STYLE = Automatic;
				CURRENT_PROJECT_VERSION = 1;
				GENERATE_INFOPLIST_FILE = YES;
				MARKETING_VERSION = 1.0;
				PRODUCT_BUNDLE_IDENTIFIER = "UCR.Pantry-PortalUITests";
				PRODUCT_NAME = "$(TARGET_NAME)";
				SWIFT_EMIT_LOC_STRINGS = NO;
				SWIFT_VERSION = 5.0;
				TARGETED_DEVICE_FAMILY = "1,2";
				TEST_TARGET_NAME = "Pantry Portal";
			};
			name = Debug;
		};
		74ACC5B129903E1200572B91 /* Release */ = {
			isa = XCBuildConfiguration;
			buildSettings = {
				ALWAYS_EMBED_SWIFT_STANDARD_LIBRARIES = YES;
				CODE_SIGN_STYLE = Automatic;
				CURRENT_PROJECT_VERSION = 1;
				GENERATE_INFOPLIST_FILE = YES;
				MARKETING_VERSION = 1.0;
				PRODUCT_BUNDLE_IDENTIFIER = "UCR.Pantry-PortalUITests";
				PRODUCT_NAME = "$(TARGET_NAME)";
				SWIFT_EMIT_LOC_STRINGS = NO;
				SWIFT_VERSION = 5.0;
				TARGETED_DEVICE_FAMILY = "1,2";
				TEST_TARGET_NAME = "Pantry Portal";
			};
			name = Release;
		};
/* End XCBuildConfiguration section */

/* Begin XCConfigurationList section */
		74ACC58029903E1100572B91 /* Build configuration list for PBXProject "Pantry Portal" */ = {
			isa = XCConfigurationList;
			buildConfigurations = (
				74ACC5A729903E1200572B91 /* Debug */,
				74ACC5A829903E1200572B91 /* Release */,
			);
			defaultConfigurationIsVisible = 0;
			defaultConfigurationName = Release;
		};
		74ACC5A929903E1200572B91 /* Build configuration list for PBXNativeTarget "Pantry Portal" */ = {
			isa = XCConfigurationList;
			buildConfigurations = (
				74ACC5AA29903E1200572B91 /* Debug */,
				74ACC5AB29903E1200572B91 /* Release */,
			);
			defaultConfigurationIsVisible = 0;
			defaultConfigurationName = Release;
		};
		74ACC5AC29903E1200572B91 /* Build configuration list for PBXNativeTarget "Pantry PortalTests" */ = {
			isa = XCConfigurationList;
			buildConfigurations = (
				74ACC5AD29903E1200572B91 /* Debug */,
				74ACC5AE29903E1200572B91 /* Release */,
			);
			defaultConfigurationIsVisible = 0;
			defaultConfigurationName = Release;
		};
		74ACC5AF29903E1200572B91 /* Build configuration list for PBXNativeTarget "Pantry PortalUITests" */ = {
			isa = XCConfigurationList;
			buildConfigurations = (
				74ACC5B029903E1200572B91 /* Debug */,
				74ACC5B129903E1200572B91 /* Release */,
			);
			defaultConfigurationIsVisible = 0;
			defaultConfigurationName = Release;
		};
/* End XCConfigurationList section */
	};
	rootObject = 74ACC57D29903E1100572B91 /* Project object */;
}
